// !$*UTF8*$!
{
	archiveVersion = 1;
	classes = {
	};
	objectVersion = 50;
	objects = {

/* Begin PBXBuildFile section */
		1781ED3825CC11F50037F3B9 /* AppDelegate.swift in Sources */ = {isa = PBXBuildFile; fileRef = 1781ED3725CC11F50037F3B9 /* AppDelegate.swift */; };
		1781ED3A25CC11F50037F3B9 /* SceneDelegate.swift in Sources */ = {isa = PBXBuildFile; fileRef = 1781ED3925CC11F50037F3B9 /* SceneDelegate.swift */; };
		1781ED3C25CC11F50037F3B9 /* TodoListViewController.swift in Sources */ = {isa = PBXBuildFile; fileRef = 1781ED3B25CC11F50037F3B9 /* TodoListViewController.swift */; };
		1781ED3F25CC11F50037F3B9 /* Main.storyboard in Resources */ = {isa = PBXBuildFile; fileRef = 1781ED3D25CC11F50037F3B9 /* Main.storyboard */; };
		1781ED4125CC11F70037F3B9 /* Assets.xcassets in Resources */ = {isa = PBXBuildFile; fileRef = 1781ED4025CC11F70037F3B9 /* Assets.xcassets */; };
		1781ED4425CC11F70037F3B9 /* LaunchScreen.storyboard in Resources */ = {isa = PBXBuildFile; fileRef = 1781ED4225CC11F70037F3B9 /* LaunchScreen.storyboard */; };
		1781ED5325CC127D0037F3B9 /* AddNewViewController.swift in Sources */ = {isa = PBXBuildFile; fileRef = 1781ED5225CC127D0037F3B9 /* AddNewViewController.swift */; };
		1781ED5825CC17B40037F3B9 /* TaskListModel.swift in Sources */ = {isa = PBXBuildFile; fileRef = 1781ED5725CC17B40037F3B9 /* TaskListModel.swift */; };
		1781ED5C25CC19110037F3B9 /* Publisher+uicontrol.swift in Sources */ = {isa = PBXBuildFile; fileRef = 1781ED5B25CC19110037F3B9 /* Publisher+uicontrol.swift */; };
/* End PBXBuildFile section */

/* Begin PBXFileReference section */
		1781ED3425CC11F50037F3B9 /* TodoApp.app */ = {isa = PBXFileReference; explicitFileType = wrapper.application; includeInIndex = 0; path = TodoApp.app; sourceTree = BUILT_PRODUCTS_DIR; };
		1781ED3725CC11F50037F3B9 /* AppDelegate.swift */ = {isa = PBXFileReference; lastKnownFileType = sourcecode.swift; path = AppDelegate.swift; sourceTree = "<group>"; };
		1781ED3925CC11F50037F3B9 /* SceneDelegate.swift */ = {isa = PBXFileReference; lastKnownFileType = sourcecode.swift; path = SceneDelegate.swift; sourceTree = "<group>"; };
		1781ED3B25CC11F50037F3B9 /* TodoListViewController.swift */ = {isa = PBXFileReference; lastKnownFileType = sourcecode.swift; path = TodoListViewController.swift; sourceTree = "<group>"; };
		1781ED3E25CC11F50037F3B9 /* Base */ = {isa = PBXFileReference; lastKnownFileType = file.storyboard; name = Base; path = Base.lproj/Main.storyboard; sourceTree = "<group>"; };
		1781ED4025CC11F70037F3B9 /* Assets.xcassets */ = {isa = PBXFileReference; lastKnownFileType = folder.assetcatalog; path = Assets.xcassets; sourceTree = "<group>"; };
		1781ED4325CC11F70037F3B9 /* Base */ = {isa = PBXFileReference; lastKnownFileType = file.storyboard; name = Base; path = Base.lproj/LaunchScreen.storyboard; sourceTree = "<group>"; };
		1781ED4525CC11F70037F3B9 /* Info.plist */ = {isa = PBXFileReference; lastKnownFileType = text.plist.xml; path = Info.plist; sourceTree = "<group>"; };
		1781ED5225CC127D0037F3B9 /* AddNewViewController.swift */ = {isa = PBXFileReference; lastKnownFileType = sourcecode.swift; path = AddNewViewController.swift; sourceTree = "<group>"; };
		1781ED5725CC17B40037F3B9 /* TaskListModel.swift */ = {isa = PBXFileReference; lastKnownFileType = sourcecode.swift; path = TaskListModel.swift; sourceTree = "<group>"; };
		1781ED5B25CC19110037F3B9 /* Publisher+uicontrol.swift */ = {isa = PBXFileReference; fileEncoding = 4; lastKnownFileType = sourcecode.swift; path = "Publisher+uicontrol.swift"; sourceTree = "<group>"; };
/* End PBXFileReference section */

/* Begin PBXFrameworksBuildPhase section */
		1781ED3125CC11F50037F3B9 /* Frameworks */ = {
			isa = PBXFrameworksBuildPhase;
			buildActionMask = 2147483647;
			files = (
			);
			runOnlyForDeploymentPostprocessing = 0;
		};
/* End PBXFrameworksBuildPhase section */

/* Begin PBXGroup section */
		1781ED2B25CC11F50037F3B9 = {
			isa = PBXGroup;
			children = (
				1781ED3625CC11F50037F3B9 /* TodoApp */,
				1781ED3525CC11F50037F3B9 /* Products */,
			);
			sourceTree = "<group>";
		};
		1781ED3525CC11F50037F3B9 /* Products */ = {
			isa = PBXGroup;
			children = (
				1781ED3425CC11F50037F3B9 /* TodoApp.app */,
			);
			name = Products;
			sourceTree = "<group>";
		};
		1781ED3625CC11F50037F3B9 /* TodoApp */ = {
			isa = PBXGroup;
			children = (
				1781ED4D25CC120F0037F3B9 /* App */,
				1781ED4E25CC12190037F3B9 /* View */,
				1781ED5025CC12410037F3B9 /* view model */,
				1781ED4F25CC123B0037F3B9 /* utilities */,
				1781ED4525CC11F70037F3B9 /* Info.plist */,
			);
			path = TodoApp;
			sourceTree = "<group>";
		};
		1781ED4D25CC120F0037F3B9 /* App */ = {
			isa = PBXGroup;
			children = (
				1781ED3925CC11F50037F3B9 /* SceneDelegate.swift */,
				1781ED3725CC11F50037F3B9 /* AppDelegate.swift */,
			);
			path = App;
			sourceTree = "<group>";
		};
		1781ED4E25CC12190037F3B9 /* View */ = {
			isa = PBXGroup;
			children = (
				1781ED3D25CC11F50037F3B9 /* Main.storyboard */,
				1781ED3B25CC11F50037F3B9 /* TodoListViewController.swift */,
				1781ED5225CC127D0037F3B9 /* AddNewViewController.swift */,
			);
			path = View;
			sourceTree = "<group>";
		};
		1781ED4F25CC123B0037F3B9 /* utilities */ = {
			isa = PBXGroup;
			children = (
				1781ED5B25CC19110037F3B9 /* Publisher+uicontrol.swift */,
				1781ED4025CC11F70037F3B9 /* Assets.xcassets */,
				1781ED4225CC11F70037F3B9 /* LaunchScreen.storyboard */,
			);
			path = utilities;
			sourceTree = "<group>";
		};
		1781ED5025CC12410037F3B9 /* view model */ = {
			isa = PBXGroup;
			children = (
				1781ED5725CC17B40037F3B9 /* TaskListModel.swift */,
			);
			path = "view model";
			sourceTree = "<group>";
		};
/* End PBXGroup section */

/* Begin PBXNativeTarget section */
		1781ED3325CC11F50037F3B9 /* TodoApp */ = {
			isa = PBXNativeTarget;
			buildConfigurationList = 1781ED4825CC11F70037F3B9 /* Build configuration list for PBXNativeTarget "TodoApp" */;
			buildPhases = (
				1781ED3025CC11F50037F3B9 /* Sources */,
				1781ED3125CC11F50037F3B9 /* Frameworks */,
				1781ED3225CC11F50037F3B9 /* Resources */,
			);
			buildRules = (
			);
			dependencies = (
			);
			name = TodoApp;
			productName = TodoApp;
			productReference = 1781ED3425CC11F50037F3B9 /* TodoApp.app */;
			productType = "com.apple.product-type.application";
		};
/* End PBXNativeTarget section */

/* Begin PBXProject section */
		1781ED2C25CC11F50037F3B9 /* Project object */ = {
			isa = PBXProject;
			attributes = {
				LastSwiftUpdateCheck = 1240;
				LastUpgradeCheck = 1240;
				TargetAttributes = {
					1781ED3325CC11F50037F3B9 = {
						CreatedOnToolsVersion = 12.4;
					};
				};
			};
			buildConfigurationList = 1781ED2F25CC11F50037F3B9 /* Build configuration list for PBXProject "TodoApp" */;
			compatibilityVersion = "Xcode 9.3";
			developmentRegion = en;
			hasScannedForEncodings = 0;
			knownRegions = (
				en,
				Base,
			);
			mainGroup = 1781ED2B25CC11F50037F3B9;
			productRefGroup = 1781ED3525CC11F50037F3B9 /* Products */;
			projectDirPath = "";
			projectRoot = "";
			targets = (
				1781ED3325CC11F50037F3B9 /* TodoApp */,
			);
		};
/* End PBXProject section */

/* Begin PBXResourcesBuildPhase section */
		1781ED3225CC11F50037F3B9 /* Resources */ = {
			isa = PBXResourcesBuildPhase;
			buildActionMask = 2147483647;
			files = (
				1781ED4425CC11F70037F3B9 /* LaunchScreen.storyboard in Resources */,
				1781ED4125CC11F70037F3B9 /* Assets.xcassets in Resources */,
				1781ED3F25CC11F50037F3B9 /* Main.storyboard in Resources */,
			);
			runOnlyForDeploymentPostprocessing = 0;
		};
/* End PBXResourcesBuildPhase section */

/* Begin PBXSourcesBuildPhase section */
		1781ED3025CC11F50037F3B9 /* Sources */ = {
			isa = PBXSourcesBuildPhase;
			buildActionMask = 2147483647;
			files = (
				1781ED5825CC17B40037F3B9 /* TaskListModel.swift in Sources */,
				1781ED3C25CC11F50037F3B9 /* TodoListViewController.swift in Sources */,
				1781ED5C25CC19110037F3B9 /* Publisher+uicontrol.swift in Sources */,
				1781ED3825CC11F50037F3B9 /* AppDelegate.swift in Sources */,
				1781ED3A25CC11F50037F3B9 /* SceneDelegate.swift in Sources */,
				1781ED5325CC127D0037F3B9 /* AddNewViewController.swift in Sources */,
			);
			runOnlyForDeploymentPostprocessing = 0;
		};
/* End PBXSourcesBuildPhase section */

/* Begin PBXVariantGroup section */
		1781ED3D25CC11F50037F3B9 /* Main.storyboard */ = {
			isa = PBXVariantGroup;
			children = (
				1781ED3E25CC11F50037F3B9 /* Base */,
			);
			name = Main.storyboard;
			sourceTree = "<group>";
		};
		1781ED4225CC11F70037F3B9 /* LaunchScreen.storyboard */ = {
			isa = PBXVariantGroup;
			children = (
				1781ED4325CC11F70037F3B9 /* Base */,
			);
			name = LaunchScreen.storyboard;
			sourceTree = "<group>";
		};
/* End PBXVariantGroup section */

/* Begin XCBuildConfiguration section */
		1781ED4625CC11F70037F3B9 /* Debug */ = {
			isa = XCBuildConfiguration;
			buildSettings = {
				ALWAYS_SEARCH_USER_PATHS = NO;
				CLANG_ANALYZER_NONNULL = YES;
				CLANG_ANALYZER_NUMBER_OBJECT_CONVERSION = YES_AGGRESSIVE;
				CLANG_CXX_LANGUAGE_STANDARD = "gnu++14";
				CLANG_CXX_LIBRARY = "libc++";
				CLANG_ENABLE_MODULES = YES;
				CLANG_ENABLE_OBJC_ARC = YES;
				CLANG_ENABLE_OBJC_WEAK = YES;
				CLANG_WARN_BLOCK_CAPTURE_AUTORELEASING = YES;
				CLANG_WARN_BOOL_CONVERSION = YES;
				CLANG_WARN_COMMA = YES;
				CLANG_WARN_CONSTANT_CONVERSION = YES;
				CLANG_WARN_DEPRECATED_OBJC_IMPLEMENTATIONS = YES;
				CLANG_WARN_DIRECT_OBJC_ISA_USAGE = YES_ERROR;
				CLANG_WARN_DOCUMENTATION_COMMENTS = YES;
				CLANG_WARN_EMPTY_BODY = YES;
				CLANG_WARN_ENUM_CONVERSION = YES;
				CLANG_WARN_INFINITE_RECURSION = YES;
				CLANG_WARN_INT_CONVERSION = YES;
				CLANG_WARN_NON_LITERAL_NULL_CONVERSION = YES;
				CLANG_WARN_OBJC_IMPLICIT_RETAIN_SELF = YES;
				CLANG_WARN_OBJC_LITERAL_CONVERSION = YES;
				CLANG_WARN_OBJC_ROOT_CLASS = YES_ERROR;
				CLANG_WARN_QUOTED_INCLUDE_IN_FRAMEWORK_HEADER = YES;
				CLANG_WARN_RANGE_LOOP_ANALYSIS = YES;
				CLANG_WARN_STRICT_PROTOTYPES = YES;
				CLANG_WARN_SUSPICIOUS_MOVE = YES;
				CLANG_WARN_UNGUARDED_AVAILABILITY = YES_AGGRESSIVE;
				CLANG_WARN_UNREACHABLE_CODE = YES;
				CLANG_WARN__DUPLICATE_METHOD_MATCH = YES;
				COPY_PHASE_STRIP = NO;
				DEBUG_INFORMATION_FORMAT = dwarf;
				ENABLE_STRICT_OBJC_MSGSEND = YES;
				ENABLE_TESTABILITY = YES;
				GCC_C_LANGUAGE_STANDARD = gnu11;
				GCC_DYNAMIC_NO_PIC = NO;
				GCC_NO_COMMON_BLOCKS = YES;
				GCC_OPTIMIZATION_LEVEL = 0;
				GCC_PREPROCESSOR_DEFINITIONS = (
					"DEBUG=1",
					"$(inherited)",
				);
				GCC_WARN_64_TO_32_BIT_CONVERSION = YES;
				GCC_WARN_ABOUT_RETURN_TYPE = YES_ERROR;
				GCC_WARN_UNDECLARED_SELECTOR = YES;
				GCC_WARN_UNINITIALIZED_AUTOS = YES_AGGRESSIVE;
				GCC_WARN_UNUSED_FUNCTION = YES;
				GCC_WARN_UNUSED_VARIABLE = YES;
				IPHONEOS_DEPLOYMENT_TARGET = 14.4;
				MTL_ENABLE_DEBUG_INFO = INCLUDE_SOURCE;
				MTL_FAST_MATH = YES;
				ONLY_ACTIVE_ARCH = YES;
				SDKROOT = iphoneos;
				SWIFT_ACTIVE_COMPILATION_CONDITIONS = DEBUG;
				SWIFT_OPTIMIZATION_LEVEL = "-Onone";
			};
			name = Debug;
		};
		1781ED4725CC11F70037F3B9 /* Release */ = {
			isa = XCBuildConfiguration;
			buildSettings = {
				ALWAYS_SEARCH_USER_PATHS = NO;
				CLANG_ANALYZER_NONNULL = YES;
				CLANG_ANALYZER_NUMBER_OBJECT_CONVERSION = YES_AGGRESSIVE;
				CLANG_CXX_LANGUAGE_STANDARD = "gnu++14";
				CLANG_CXX_LIBRARY = "libc++";
				CLANG_ENABLE_MODULES = YES;
				CLANG_ENABLE_OBJC_ARC = YES;
				CLANG_ENABLE_OBJC_WEAK = YES;
				CLANG_WARN_BLOCK_CAPTURE_AUTORELEASING = YES;
				CLANG_WARN_BOOL_CONVERSION = YES;
				CLANG_WARN_COMMA = YES;
				CLANG_WARN_CONSTANT_CONVERSION = YES;
				CLANG_WARN_DEPRECATED_OBJC_IMPLEMENTATIONS = YES;
				CLANG_WARN_DIRECT_OBJC_ISA_USAGE = YES_ERROR;
				CLANG_WARN_DOCUMENTATION_COMMENTS = YES;
				CLANG_WARN_EMPTY_BODY = YES;
				CLANG_WARN_ENUM_CONVERSION = YES;
				CLANG_WARN_INFINITE_RECURSION = YES;
				CLANG_WARN_INT_CONVERSION = YES;
				CLANG_WARN_NON_LITERAL_NULL_CONVERSION = YES;
				CLANG_WARN_OBJC_IMPLICIT_RETAIN_SELF = YES;
				CLANG_WARN_OBJC_LITERAL_CONVERSION = YES;
				CLANG_WARN_OBJC_ROOT_CLASS = YES_ERROR;
				CLANG_WARN_QUOTED_INCLUDE_IN_FRAMEWORK_HEADER = YES;
				CLANG_WARN_RANGE_LOOP_ANALYSIS = YES;
				CLANG_WARN_STRICT_PROTOTYPES = YES;
				CLANG_WARN_SUSPICIOUS_MOVE = YES;
				CLANG_WARN_UNGUARDED_AVAILABILITY = YES_AGGRESSIVE;
				CLANG_WARN_UNREACHABLE_CODE = YES;
				CLANG_WARN__DUPLICATE_METHOD_MATCH = YES;
				COPY_PHASE_STRIP = NO;
				DEBUG_INFORMATION_FORMAT = "dwarf-with-dsym";
				ENABLE_NS_ASSERTIONS = NO;
				ENABLE_STRICT_OBJC_MSGSEND = YES;
				GCC_C_LANGUAGE_STANDARD = gnu11;
				GCC_NO_COMMON_BLOCKS = YES;
				GCC_WARN_64_TO_32_BIT_CONVERSION = YES;
				GCC_WARN_ABOUT_RETURN_TYPE = YES_ERROR;
				GCC_WARN_UNDECLARED_SELECTOR = YES;
				GCC_WARN_UNINITIALIZED_AUTOS = YES_AGGRESSIVE;
				GCC_WARN_UNUSED_FUNCTION = YES;
				GCC_WARN_UNUSED_VARIABLE = YES;
				IPHONEOS_DEPLOYMENT_TARGET = 14.4;
				MTL_ENABLE_DEBUG_INFO = NO;
				MTL_FAST_MATH = YES;
				SDKROOT = iphoneos;
				SWIFT_COMPILATION_MODE = wholemodule;
				SWIFT_OPTIMIZATION_LEVEL = "-O";
				VALIDATE_PRODUCT = YES;
			};
			name = Release;
		};
		1781ED4925CC11F70037F3B9 /* Debug */ = {
			isa = XCBuildConfiguration;
			buildSettings = {
				ASSETCATALOG_COMPILER_APPICON_NAME = AppIcon;
				ASSETCATALOG_COMPILER_GLOBAL_ACCENT_COLOR_NAME = AccentColor;
				CODE_SIGN_STYLE = Automatic;
				INFOPLIST_FILE = TodoApp/Info.plist;
				IPHONEOS_DEPLOYMENT_TARGET = 13.0;
				LD_RUNPATH_SEARCH_PATHS = (
					"$(inherited)",
					"@executable_path/Frameworks",
				);
				PRODUCT_BUNDLE_IDENTIFIER = com.karinprater.TodoApp;
				PRODUCT_NAME = "$(TARGET_NAME)";
				SWIFT_VERSION = 5.0;
				TARGETED_DEVICE_FAMILY = "1,2";
			};
			name = Debug;
		};
		1781ED4A25CC11F70037F3B9 /* Release */ = {
			isa = XCBuildConfiguration;
			buildSettings = {
				ASSETCATALOG_COMPILER_APPICON_NAME = AppIcon;
				ASSETCATALOG_COMPILER_GLOBAL_ACCENT_COLOR_NAME = AccentColor;
				CODE_SIGN_STYLE = Automatic;
				INFOPLIST_FILE = TodoApp/Info.plist;
				IPHONEOS_DEPLOYMENT_TARGET = 13.0;
				LD_RUNPATH_SEARCH_PATHS = (
					"$(inherited)",
					"@executable_path/Frameworks",
				);
				PRODUCT_BUNDLE_IDENTIFIER = com.karinprater.TodoApp;
				PRODUCT_NAME = "$(TARGET_NAME)";
				SWIFT_VERSION = 5.0;
				TARGETED_DEVICE_FAMILY = "1,2";
			};
			name = Release;
		};
/* End XCBuildConfiguration section */

/* Begin XCConfigurationList section */
		1781ED2F25CC11F50037F3B9 /* Build configuration list for PBXProject "TodoApp" */ = {
			isa = XCConfigurationList;
			buildConfigurations = (
				1781ED4625CC11F70037F3B9 /* Debug */,
				1781ED4725CC11F70037F3B9 /* Release */,
			);
			defaultConfigurationIsVisible = 0;
			defaultConfigurationName = Release;
		};
		1781ED4825CC11F70037F3B9 /* Build configuration list for PBXNativeTarget "TodoApp" */ = {
			isa = XCConfigurationList;
			buildConfigurations = (
				1781ED4925CC11F70037F3B9 /* Debug */,
				1781ED4A25CC11F70037F3B9 /* Release */,
			);
			defaultConfigurationIsVisible = 0;
			defaultConfigurationName = Release;
		};
/* End XCConfigurationList section */
	};
	rootObject = 1781ED2C25CC11F50037F3B9 /* Project object */;
}
